{
  "originHash" : "cee231514130569693ef2691ab0af14f1734ac3c94dcae150a498314244c5e6f",
  "pins" : [
    {
      "identity" : "sdwebimage",
      "kind" : "remoteSourceControl",
      "location" : "https://github.com/SDWebImage/SDWebImage.git",
      "state" : {
        "revision" : "2053b120767c42a70bcba21095f34e4cfb54a75d",
        "version" : "5.21.3"
      }
    },
    {
      "identity" : "starscream",
      "kind" : "remoteSourceControl",
      "location" : "https://github.com/daltoniam/Starscream.git",
      "state" : {
        "revision" : "c6bfd1af48efcc9a9ad203665db12375ba6b145a",
        "version" : "4.0.8"
      }
    },
    {
      "identity" : "toast-swift",
      "kind" : "remoteSourceControl",
      "location" : "https://github.com/scalessec/Toast-Swift.git",
      "state" : {
        "revision" : "ddccd20d6fb718448d9b179c454c561653fda7d5",
        "version" : "5.1.1"
      }
    },
    {
      "identity" : "webrtc",
      "kind" : "remoteSourceControl",
      "location" : "https://github.com/stasel/WebRTC.git",
      "state" : {
        "revision" : "86dbb5cb57e4da009b859a6245b1c10d610f215a",
        "version" : "140.0.0"
      }
    }
  ],
  "version" : 3
}
